PODS:
  - Firebase/Auth (5.4.1):
    - Firebase/CoreOnly
    - FirebaseAuth (= 5.0.2)
  - Firebase/Core (5.4.1):
    - Firebase/CoreOnly
    - FirebaseAnalytics (= 5.0.1)
  - Firebase/CoreOnly (5.4.1):
    - FirebaseCore (= 5.0.6)
  - Firebase/Storage (5.4.1):
    - Firebase/CoreOnly
    - FirebaseStorage (= 3.0.0)
  - firebase_auth (0.0.1):
    - Firebase/Auth
    - Firebase/Core
    - Flutter
  - firebase_core (0.0.1):
    - Firebase/Core
    - Flutter
  - firebase_storage (0.0.1):
    - Firebase/Storage
    - Flutter
  - FirebaseAnalytics (5.0.1):
    - FirebaseCore (~> 5.0)
    - FirebaseInstanceID (~> 3.0)
    - "GoogleToolboxForMac/NSData+zlib (~> 2.1)"
    - nanopb (~> 0.3)
  - FirebaseAuth (5.0.2):
    - FirebaseCore (~> 5.0)
    - GTMSessionFetcher/Core (~> 1.1)
  - FirebaseCore (5.0.6):
    - "GoogleToolboxForMac/NSData+zlib (~> 2.1)"
  - FirebaseInstanceID (3.1.1):
    - FirebaseCore (~> 5.0)
  - FirebaseStorage (3.0.0):
    - FirebaseCore (~> 5.0)
    - GTMSessionFetcher/Core (~> 1.1)
  - Flutter (1.0.0)
  - GoogleToolboxForMac/Defines (2.1.4)
  - "GoogleToolboxForMac/NSData+zlib (2.1.4)":
    - GoogleToolboxForMac/Defines (= 2.1.4)
  - GTMSessionFetcher/Core (1.2.0)
  - nanopb (0.3.8):
    - nanopb/decode (= 0.3.8)
    - nanopb/encode (= 0.3.8)
  - nanopb/decode (0.3.8)
  - nanopb/encode (0.3.8)
  - shared_preferences (0.0.1):
    - Flutter
  - url_launcher (0.0.1):
    - Flutter

DEPENDENCIES:
  - Firebase/Core
  - firebase_auth (from `.symlinks/plugins/firebase_auth/ios`)
  - firebase_core (from `.symlinks/plugins/firebase_core/ios`)
  - firebase_storage (from `.symlinks/plugins/firebase_storage/ios`)
  - Flutter (from `.symlinks/flutter/ios`)
  - shared_preferences (from `.symlinks/plugins/shared_preferences/ios`)
  - url_launcher (from `.symlinks/plugins/url_launcher/ios`)

SPEC REPOS:
  https://github.com/cocoapods/specs.git:
    - Firebase
    - FirebaseAnalytics
    - FirebaseAuth
    - FirebaseCore
    - FirebaseInstanceID
    - FirebaseStorage
    - GoogleToolboxForMac
    - GTMSessionFetcher
    - nanopb

EXTERNAL SOURCES:
  firebase_auth:
    :path: ".symlinks/plugins/firebase_auth/ios"
  firebase_core:
    :path: ".symlinks/plugins/firebase_core/ios"
  firebase_storage:
    :path: ".symlinks/plugins/firebase_storage/ios"
  Flutter:
    :path: ".symlinks/flutter/ios"
  shared_preferences:
    :path: ".symlinks/plugins/shared_preferences/ios"
  url_launcher:
    :path: ".symlinks/plugins/url_launcher/ios"

SPEC CHECKSUMS:
  Firebase: 355bd535bfdacaa82a7fe8d9784115edefd6fc03
  firebase_auth: 27a5a77a032d557c18f8e223aaf8ec1368f6cdbc
  firebase_core: c96aa8b2fcf7f5167d32f22034f502f9304952b8
  firebase_storage: e34d30ff8bb57e691191b70e9d255ec2eba2351f
  FirebaseAnalytics: b3628aea54c50464c32c393fb2ea032566e7ecc2
  FirebaseAuth: 096e457cdd4274412a66c4a35874787e411f5a03
  FirebaseCore: 4c28e3b9708ba48a765e76515f913a71596eb5dd
  FirebaseInstanceID: f3f0657372592ecdfdfe2cac604a5a75758376a6
  FirebaseStorage: 7ca4bb7b58a25fa647b04f524033fc7cb7eb272b
  Flutter: 9d0fac939486c9aba2809b7982dfdbb47a7b0296
  GoogleToolboxForMac: 91c824d21e85b31c2aae9bb011c5027c9b4e738f
  GTMSessionFetcher: 0c4baf0a73acd0041bf9f71ea018deedab5ea84e
  nanopb: 5601e6bca2dbf1ed831b519092ec110f66982ca3
  shared_preferences: 5a1d487c427ee18fcd3ea1f2a131569481834b53
  url_launcher: 92b89c1029a0373879933c21642958c874539095

PODFILE CHECKSUM: 4c3496d19f0924e46833f2f904e0a77ea85d5323

COCOAPODS: 1.5.3
